<?xml version="1.0" encoding="utf-8"?>
<Project ToolsVersion="4.0" xmlns="http://schemas.microsoft.com/developer/msbuild/2003">
  <ItemGroup>
    <Filter Include="Source Files">
      <UniqueIdentifier>{4FC737F1-C7A5-4376-A066-2A32D752A2FF}</UniqueIdentifier>
      <Extensions>cpp;c;cc;cxx;def;odl;idl;hpj;bat;asm;asmx</Extensions>
    </Filter>
    <Filter Include="Header Files">
      <UniqueIdentifier>{93995380-89BD-4b04-88EB-625FBE52EBFB}</UniqueIdentifier>
      <Extensions>h;hpp;hxx;hm;inl;inc;xsd</Extensions>
    </Filter>
    <Filter Include="Data">
      <UniqueIdentifier>{6bc67026-b9bb-44b8-a969-28ffc00f01e0}</UniqueIdentifier>
    </Filter>
  </ItemGroup>
  <ItemGroup>
    <ClCompile Include="source\windowview.cpp">
      <Filter>Source Files</Filter>
    </ClCompile>
    <ClCompile Include="source\shader.cpp">
      <Filter>Source Files</Filter>
    </ClCompile>
    <ClCompile Include="source\model.cpp">
      <Filter>Source Files</Filter>
    </ClCompile>
    <ClCompile Include="source\main.cpp">
      <Filter>Source Files</Filter>
    </ClCompile>
    <ClCompile Include="source\input.cpp">
      <Filter>Source Files</Filter>
    </ClCompile>
    <ClCompile Include="source\graphics.cpp">
      <Filter>Source Files</Filter>
    </ClCompile>
    <ClCompile Include="source\d3d.cpp">
      <Filter>Source Files</Filter>
    </ClCompile>
    <ClCompile Include="source\camera.cpp">
      <Filter>Source Files</Filter>
    </ClCompile>
    <ClCompile Include="source\DDSTextureLoader.cpp">
      <Filter>Source Files</Filter>
    </ClCompile>
    <ClCompile Include="source\texture.cpp">
      <Filter>Source Files</Filter>
    </ClCompile>
  </ItemGroup>
  <ItemGroup>
    <ClInclude Include="source\windowview.h">
      <Filter>Header Files</Filter>
    </ClInclude>
    <ClInclude Include="source\shader.h">
      <Filter>Header Files</Filter>
    </ClInclude>
    <ClInclude Include="source\model.h">
      <Filter>Header Files</Filter>
    </ClInclude>
    <ClInclude Include="source\input.h">
      <Filter>Header Files</Filter>
    </ClInclude>
    <ClInclude Include="source\graphics.h">
      <Filter>Header Files</Filter>
    </ClInclude>
    <ClInclude Include="source\d3d.h">
      <Filter>Header Files</Filter>
    </ClInclude>
    <ClInclude Include="source\camera.h">
      <Filter>Header Files</Filter>
    </ClInclude>
    <ClInclude Include="source\DDSTextureLoader.h">
      <Filter>Header Files</Filter>
    </ClInclude>
    <ClInclude Include="source\texture.h">
      <Filter>Header Files</Filter>
    </ClInclude>
  </ItemGroup>
  <ItemGroup>
    <FxCompile Include="data\Color.ps.hlsl">
      <Filter>Data</Filter>
    </FxCompile>
    <FxCompile Include="data\Color.vs.hlsl">
      <Filter>Data</Filter>
    </FxCompile>
    <FxCompile Include="data\Texture.ps.hlsl">
      <Filter>Data</Filter>
    </FxCompile>
    <FxCompile Include="data\Texture.vs.hlsl">
      <Filter>Data</Filter>
    </FxCompile>
  </ItemGroup>
</Project>